
Microsoft Visual Studio Solution File, Format Version 12.00
# Visual Studio 14
VisualStudioVersion = 14.0.25420.1
MinimumVisualStudioVersion = 10.0.40219.1
Project("{FAE04EC0-301F-11D3-BF4B-00C04F79EFBC}") = "DN.UserControlApp.API", "src\DN.UserControlApp.API\DN.UserControlApp.API.csproj", "{B7D7D725-DFB5-4259-A044-0730858832D2}"
EndProject
Project("{FAE04EC0-301F-11D3-BF4B-00C04F79EFBC}") = "DN.UserControlApp.Application", "src\DN.UserControlApp.Application\DN.UserControlApp.Application.csproj", "{171F51CF-BC0E-4FB7-9D1C-7B81E8443C15}"
EndProject
Project("{FAE04EC0-301F-11D3-BF4B-00C04F79EFBC}") = "DN.UserControlApp.Domain", "src\DN.UserControlApp.Domain\DN.UserControlApp.Domain.csproj", "{3EA2D25E-C685-4F02-9D42-72B5B2CF0B59}"
EndProject
Project("{FAE04EC0-301F-11D3-BF4B-00C04F79EFBC}") = "DN.UserControlApp.Infra.Data", "src\DN.UserControlApp.Infra.Data\DN.UserControlApp.Infra.Data.csproj", "{0E40B3AD-2912-4633-A59B-42AB987B09D3}"
EndProject
Project("{FAE04EC0-301F-11D3-BF4B-00C04F79EFBC}") = "DN.UserControlApp.Infra.IoC", "src\DN.UserControlApp.Infra.IoC\DN.UserControlApp.Infra.IoC.csproj", "{8C9B594C-E144-4FDA-B0C1-36B37AD8F5B9}"
EndProject
Project("{FAE04EC0-301F-11D3-BF4B-00C04F79EFBC}") = "DN.UserControlApp.SharedKernel", "src\DN.UserControlApp.SharedKernel\DN.UserControlApp.SharedKernel.csproj", "{58F3B20A-D40F-49B7-92D1-FBED75695AF4}"
EndProject
Project("{FAE04EC0-301F-11D3-BF4B-00C04F79EFBC}") = "DN.UserControlApp.Presentation.MVC", "src\DN.UserControlApp.Presentation.MVC\DN.UserControlApp.Presentation.MVC.csproj", "{F3827499-145A-4FEC-8678-86C2DD4351D0}"
EndProject
Project("{2150E333-8FDC-42A3-9474-1A3956D46DE8}") = "0 - Presentation", "0 - Presentation", "{500962DB-3CE1-4446-B9F3-B3E7A1D878FD}"
EndProject
Project("{2150E333-8FDC-42A3-9474-1A3956D46DE8}") = "1 - Service", "1 - Service", "{C5BA846D-CE9A-4F93-A018-CB6A8B02968C}"
EndProject
Project("{2150E333-8FDC-42A3-9474-1A3956D46DE8}") = "2 - Application", "2 - Application", "{E49BA97C-29E7-4D43-8FDD-3B05C2085334}"
EndProject
Project("{2150E333-8FDC-42A3-9474-1A3956D46DE8}") = "3 - Domain", "3 - Domain", "{D1AB0D2C-1586-4FC6-BCBE-A23B5190ABDA}"
EndProject
Project("{2150E333-8FDC-42A3-9474-1A3956D46DE8}") = "4 - Infra", "4 - Infra", "{4626CFBF-5FBF-48D2-BCE9-391E3DFD2E9F}"
EndProject
Global
	GlobalSection(SolutionConfigurationPlatforms) = preSolution
		Debug|Any CPU = Debug|Any CPU
		Release|Any CPU = Release|Any CPU
	EndGlobalSection
	GlobalSection(ProjectConfigurationPlatforms) = postSolution
		{B7D7D725-DFB5-4259-A044-0730858832D2}.Debug|Any CPU.ActiveCfg = Debug|Any CPU
		{B7D7D725-DFB5-4259-A044-0730858832D2}.Debug|Any CPU.Build.0 = Debug|Any CPU
		{B7D7D725-DFB5-4259-A044-0730858832D2}.Release|Any CPU.ActiveCfg = Release|Any CPU
		{B7D7D725-DFB5-4259-A044-0730858832D2}.Release|Any CPU.Build.0 = Release|Any CPU
		{171F51CF-BC0E-4FB7-9D1C-7B81E8443C15}.Debug|Any CPU.ActiveCfg = Debug|Any CPU
		{171F51CF-BC0E-4FB7-9D1C-7B81E8443C15}.Debug|Any CPU.Build.0 = Debug|Any CPU
		{171F51CF-BC0E-4FB7-9D1C-7B81E8443C15}.Release|Any CPU.ActiveCfg = Release|Any CPU
		{171F51CF-BC0E-4FB7-9D1C-7B81E8443C15}.Release|Any CPU.Build.0 = Release|Any CPU
		{3EA2D25E-C685-4F02-9D42-72B5B2CF0B59}.Debug|Any CPU.ActiveCfg = Debug|Any CPU
		{3EA2D25E-C685-4F02-9D42-72B5B2CF0B59}.Debug|Any CPU.Build.0 = Debug|Any CPU
		{3EA2D25E-C685-4F02-9D42-72B5B2CF0B59}.Release|Any CPU.ActiveCfg = Release|Any CPU
		{3EA2D25E-C685-4F02-9D42-72B5B2CF0B59}.Release|Any CPU.Build.0 = Release|Any CPU
		{0E40B3AD-2912-4633-A59B-42AB987B09D3}.Debug|Any CPU.ActiveCfg = Debug|Any CPU
		{0E40B3AD-2912-4633-A59B-42AB987B09D3}.Debug|Any CPU.Build.0 = Debug|Any CPU
		{0E40B3AD-2912-4633-A59B-42AB987B09D3}.Release|Any CPU.ActiveCfg = Release|Any CPU
		{0E40B3AD-2912-4633-A59B-42AB987B09D3}.Release|Any CPU.Build.0 = Release|Any CPU
		{8C9B594C-E144-4FDA-B0C1-36B37AD8F5B9}.Debug|Any CPU.ActiveCfg = Debug|Any CPU
		{8C9B594C-E144-4FDA-B0C1-36B37AD8F5B9}.Debug|Any CPU.Build.0 = Debug|Any CPU
		{8C9B594C-E144-4FDA-B0C1-36B37AD8F5B9}.Release|Any CPU.ActiveCfg = Release|Any CPU
		{8C9B594C-E144-4FDA-B0C1-36B37AD8F5B9}.Release|Any CPU.Build.0 = Release|Any CPU
		{58F3B20A-D40F-49B7-92D1-FBED75695AF4}.Debug|Any CPU.ActiveCfg = Debug|Any CPU
		{58F3B20A-D40F-49B7-92D1-FBED75695AF4}.Debug|Any CPU.Build.0 = Debug|Any CPU
		{58F3B20A-D40F-49B7-92D1-FBED75695AF4}.Release|Any CPU.ActiveCfg = Release|Any CPU
		{58F3B20A-D40F-49B7-92D1-FBED75695AF4}.Release|Any CPU.Build.0 = Release|Any CPU
		{F3827499-145A-4FEC-8678-86C2DD4351D0}.Debug|Any CPU.ActiveCfg = Debug|Any CPU
		{F3827499-145A-4FEC-8678-86C2DD4351D0}.Debug|Any CPU.Build.0 = Debug|Any CPU
		{F3827499-145A-4FEC-8678-86C2DD4351D0}.Release|Any CPU.ActiveCfg = Release|Any CPU
		{F3827499-145A-4FEC-8678-86C2DD4351D0}.Release|Any CPU.Build.0 = Release|Any CPU
	EndGlobalSection
	GlobalSection(SolutionProperties) = preSolution
		HideSolutionNode = FALSE
	EndGlobalSection
	GlobalSection(NestedProjects) = preSolution
		{B7D7D725-DFB5-4259-A044-0730858832D2} = {C5BA846D-CE9A-4F93-A018-CB6A8B02968C}
		{171F51CF-BC0E-4FB7-9D1C-7B81E8443C15} = {E49BA97C-29E7-4D43-8FDD-3B05C2085334}
		{3EA2D25E-C685-4F02-9D42-72B5B2CF0B59} = {D1AB0D2C-1586-4FC6-BCBE-A23B5190ABDA}
		{0E40B3AD-2912-4633-A59B-42AB987B09D3} = {4626CFBF-5FBF-48D2-BCE9-391E3DFD2E9F}
		{8C9B594C-E144-4FDA-B0C1-36B37AD8F5B9} = {4626CFBF-5FBF-48D2-BCE9-391E3DFD2E9F}
		{58F3B20A-D40F-49B7-92D1-FBED75695AF4} = {D1AB0D2C-1586-4FC6-BCBE-A23B5190ABDA}
		{F3827499-145A-4FEC-8678-86C2DD4351D0} = {500962DB-3CE1-4446-B9F3-B3E7A1D878FD}
	EndGlobalSection
EndGlobal
